{
  "requires": true,
  "lockfileVersion": 1,
  "dependencies": {
    "mq-scss": {
      "version": "2.1.4",
      "resolved": "https://registry.npmjs.org/mq-scss/-/mq-scss-2.1.4.tgz",
      "integrity": "sha512-NZcRSNthQVspdfttCohSCGb6AEeXXdjy+K6bxoPSxtosDsj9Epo/HEe2/xSFgqcB3C3IJ9jc2/4DgWvuhFXzFQ=="
    }
  }
}
